// !$*UTF8*$!
{
	archiveVersion = 1;
	classes = {
	};
	objectVersion = 56;
	objects = {

/* Begin PBXBuildFile section */
		1E3145242BC5C51D0043F7EC /* NameDisplayView.swift in Sources */ = {isa = PBXBuildFile; fileRef = 1E3145232BC5C51D0043F7EC /* NameDisplayView.swift */; };
		1E3145262BC5CE980043F7EC /* TaskListView.swift in Sources */ = {isa = PBXBuildFile; fileRef = 1E3145252BC5CE980043F7EC /* TaskListView.swift */; };
		1EC7FE362BC552B6009ACFD8 /* myFirstProjectApp.swift in Sources */ = {isa = PBXBuildFile; fileRef = 1EC7FE352BC552B6009ACFD8 /* myFirstProjectApp.swift */; };
		1EC7FE382BC552B6009ACFD8 /* ContentView.swift in Sources */ = {isa = PBXBuildFile; fileRef = 1EC7FE372BC552B6009ACFD8 /* ContentView.swift */; };
		1EC7FE3A2BC552B7009ACFD8 /* Assets.xcassets in Resources */ = {isa = PBXBuildFile; fileRef = 1EC7FE392BC552B7009ACFD8 /* Assets.xcassets */; };
		1EC7FE3D2BC552B7009ACFD8 /* Preview Assets.xcassets in Resources */ = {isa = PBXBuildFile; fileRef = 1EC7FE3C2BC552B7009ACFD8 /* Preview Assets.xcassets */; };
		1EC7FE472BC552B7009ACFD8 /* myFirstProjectTests.swift in Sources */ = {isa = PBXBuildFile; fileRef = 1EC7FE462BC552B7009ACFD8 /* myFirstProjectTests.swift */; };
		1EC7FE512BC552B7009ACFD8 /* myFirstProjectUITests.swift in Sources */ = {isa = PBXBuildFile; fileRef = 1EC7FE502BC552B7009ACFD8 /* myFirstProjectUITests.swift */; };
		1EC7FE532BC552B7009ACFD8 /* myFirstProjectUITestsLaunchTests.swift in Sources */ = {isa = PBXBuildFile; fileRef = 1EC7FE522BC552B7009ACFD8 /* myFirstProjectUITestsLaunchTests.swift */; };
		1EC7FE602BC5535D009ACFD8 /* Pet.swift in Sources */ = {isa = PBXBuildFile; fileRef = 1EC7FE5F2BC5535D009ACFD8 /* Pet.swift */; };
/* End PBXBuildFile section */

/* Begin PBXContainerItemProxy section */
		1EC7FE432BC552B7009ACFD8 /* PBXContainerItemProxy */ = {
			isa = PBXContainerItemProxy;
			containerPortal = 1EC7FE2A2BC552B6009ACFD8 /* Project object */;
			proxyType = 1;
			remoteGlobalIDString = 1EC7FE312BC552B6009ACFD8;
			remoteInfo = myFirstProject;
		};
		1EC7FE4D2BC552B7009ACFD8 /* PBXContainerItemProxy */ = {
			isa = PBXContainerItemProxy;
			containerPortal = 1EC7FE2A2BC552B6009ACFD8 /* Project object */;
			proxyType = 1;
			remoteGlobalIDString = 1EC7FE312BC552B6009ACFD8;
			remoteInfo = myFirstProject;
		};
/* End PBXContainerItemProxy section */

/* Begin PBXFileReference section */
		1E3145232BC5C51D0043F7EC /* NameDisplayView.swift */ = {isa = PBXFileReference; lastKnownFileType = sourcecode.swift; path = NameDisplayView.swift; sourceTree = "<group>"; };
		1E3145252BC5CE980043F7EC /* TaskListView.swift */ = {isa = PBXFileReference; lastKnownFileType = sourcecode.swift; path = TaskListView.swift; sourceTree = "<group>"; };
		1EC7FE322BC552B6009ACFD8 /* myFirstProject.app */ = {isa = PBXFileReference; explicitFileType = wrapper.application; includeInIndex = 0; path = myFirstProject.app; sourceTree = BUILT_PRODUCTS_DIR; };
		1EC7FE352BC552B6009ACFD8 /* myFirstProjectApp.swift */ = {isa = PBXFileReference; lastKnownFileType = sourcecode.swift; path = myFirstProjectApp.swift; sourceTree = "<group>"; };
		1EC7FE372BC552B6009ACFD8 /* ContentView.swift */ = {isa = PBXFileReference; lastKnownFileType = sourcecode.swift; path = ContentView.swift; sourceTree = "<group>"; };
		1EC7FE392BC552B7009ACFD8 /* Assets.xcassets */ = {isa = PBXFileReference; lastKnownFileType = folder.assetcatalog; path = Assets.xcassets; sourceTree = "<group>"; };
		1EC7FE3C2BC552B7009ACFD8 /* Preview Assets.xcassets */ = {isa = PBXFileReference; lastKnownFileType = folder.assetcatalog; path = "Preview Assets.xcassets"; sourceTree = "<group>"; };
		1EC7FE422BC552B7009ACFD8 /* myFirstProjectTests.xctest */ = {isa = PBXFileReference; explicitFileType = wrapper.cfbundle; includeInIndex = 0; path = myFirstProjectTests.xctest; sourceTree = BUILT_PRODUCTS_DIR; };
		1EC7FE462BC552B7009ACFD8 /* myFirstProjectTests.swift */ = {isa = PBXFileReference; lastKnownFileType = sourcecode.swift; path = myFirstProjectTests.swift; sourceTree = "<group>"; };
		1EC7FE4C2BC552B7009ACFD8 /* myFirstProjectUITests.xctest */ = {isa = PBXFileReference; explicitFileType = wrapper.cfbundle; includeInIndex = 0; path = myFirstProjectUITests.xctest; sourceTree = BUILT_PRODUCTS_DIR; };
		1EC7FE502BC552B7009ACFD8 /* myFirstProjectUITests.swift */ = {isa = PBXFileReference; lastKnownFileType = sourcecode.swift; path = myFirstProjectUITests.swift; sourceTree = "<group>"; };
		1EC7FE522BC552B7009ACFD8 /* myFirstProjectUITestsLaunchTests.swift */ = {isa = PBXFileReference; lastKnownFileType = sourcecode.swift; path = myFirstProjectUITestsLaunchTests.swift; sourceTree = "<group>"; };
		1EC7FE5F2BC5535D009ACFD8 /* Pet.swift */ = {isa = PBXFileReference; lastKnownFileType = sourcecode.swift; path = Pet.swift; sourceTree = "<group>"; };
/* End PBXFileReference section */

/* Begin PBXFrameworksBuildPhase section */
		1EC7FE2F2BC552B6009ACFD8 /* Frameworks */ = {
			isa = PBXFrameworksBuildPhase;
			buildActionMask = 2147483647;
			files = (
			);
			runOnlyForDeploymentPostprocessing = 0;
		};
		1EC7FE3F2BC552B7009ACFD8 /* Frameworks */ = {
			isa = PBXFrameworksBuildPhase;
			buildActionMask = 2147483647;
			files = (
			);
			runOnlyForDeploymentPostprocessing = 0;
		};
		1EC7FE492BC552B7009ACFD8 /* Frameworks */ = {
			isa = PBXFrameworksBuildPhase;
			buildActionMask = 2147483647;
			files = (
			);
			runOnlyForDeploymentPostprocessing = 0;
		};
/* End PBXFrameworksBuildPhase section */

/* Begin PBXGroup section */
		1EC7FE292BC552B6009ACFD8 = {
			isa = PBXGroup;
			children = (
				1EC7FE342BC552B6009ACFD8 /* myFirstProject */,
				1EC7FE452BC552B7009ACFD8 /* myFirstProjectTests */,
				1EC7FE4F2BC552B7009ACFD8 /* myFirstProjectUITests */,
				1EC7FE332BC552B6009ACFD8 /* Products */,
			);
			sourceTree = "<group>";
		};
		1EC7FE332BC552B6009ACFD8 /* Products */ = {
			isa = PBXGroup;
			children = (
				1EC7FE322BC552B6009ACFD8 /* myFirstProject.app */,
				1EC7FE422BC552B7009ACFD8 /* myFirstProjectTests.xctest */,
				1EC7FE4C2BC552B7009ACFD8 /* myFirstProjectUITests.xctest */,
			);
			name = Products;
			sourceTree = "<group>";
		};
		1EC7FE342BC552B6009ACFD8 /* myFirstProject */ = {
			isa = PBXGroup;
			children = (
				1EC7FE352BC552B6009ACFD8 /* myFirstProjectApp.swift */,
				1EC7FE372BC552B6009ACFD8 /* ContentView.swift */,
				1EC7FE392BC552B7009ACFD8 /* Assets.xcassets */,
				1EC7FE3B2BC552B7009ACFD8 /* Preview Content */,
				1EC7FE5F2BC5535D009ACFD8 /* Pet.swift */,
				1E3145232BC5C51D0043F7EC /* NameDisplayView.swift */,
				1E3145252BC5CE980043F7EC /* TaskListView.swift */,
			);
			path = myFirstProject;
			sourceTree = "<group>";
		};
		1EC7FE3B2BC552B7009ACFD8 /* Preview Content */ = {
			isa = PBXGroup;
			children = (
				1EC7FE3C2BC552B7009ACFD8 /* Preview Assets.xcassets */,
			);
			path = "Preview Content";
			sourceTree = "<group>";
		};
		1EC7FE452BC552B7009ACFD8 /* myFirstProjectTests */ = {
			isa = PBXGroup;
			children = (
				1EC7FE462BC552B7009ACFD8 /* myFirstProjectTests.swift */,
			);
			path = myFirstProjectTests;
			sourceTree = "<group>";
		};
		1EC7FE4F2BC552B7009ACFD8 /* myFirstProjectUITests */ = {
			isa = PBXGroup;
			children = (
				1EC7FE502BC552B7009ACFD8 /* myFirstProjectUITests.swift */,
				1EC7FE522BC552B7009ACFD8 /* myFirstProjectUITestsLaunchTests.swift */,
			);
			path = myFirstProjectUITests;
			sourceTree = "<group>";
		};
/* End PBXGroup section */

/* Begin PBXNativeTarget section */
		1EC7FE312BC552B6009ACFD8 /* myFirstProject */ = {
			isa = PBXNativeTarget;
			buildConfigurationList = 1EC7FE562BC552B7009ACFD8 /* Build configuration list for PBXNativeTarget "myFirstProject" */;
			buildPhases = (
				1EC7FE2E2BC552B6009ACFD8 /* Sources */,
				1EC7FE2F2BC552B6009ACFD8 /* Frameworks */,
				1EC7FE302BC552B6009ACFD8 /* Resources */,
			);
			buildRules = (
			);
			dependencies = (
			);
			name = myFirstProject;
			productName = myFirstProject;
			productReference = 1EC7FE322BC552B6009ACFD8 /* myFirstProject.app */;
			productType = "com.apple.product-type.application";
		};
		1EC7FE412BC552B7009ACFD8 /* myFirstProjectTests */ = {
			isa = PBXNativeTarget;
			buildConfigurationList = 1EC7FE592BC552B7009ACFD8 /* Build configuration list for PBXNativeTarget "myFirstProjectTests" */;
			buildPhases = (
				1EC7FE3E2BC552B7009ACFD8 /* Sources */,
				1EC7FE3F2BC552B7009ACFD8 /* Frameworks */,
				1EC7FE402BC552B7009ACFD8 /* Resources */,
			);
			buildRules = (
			);
			dependencies = (
				1EC7FE442BC552B7009ACFD8 /* PBXTargetDependency */,
			);
			name = myFirstProjectTests;
			productName = myFirstProjectTests;
			productReference = 1EC7FE422BC552B7009ACFD8 /* myFirstProjectTests.xctest */;
			productType = "com.apple.product-type.bundle.unit-test";
		};
		1EC7FE4B2BC552B7009ACFD8 /* myFirstProjectUITests */ = {
			isa = PBXNativeTarget;
			buildConfigurationList = 1EC7FE5C2BC552B7009ACFD8 /* Build configuration list for PBXNativeTarget "myFirstProjectUITests" */;
			buildPhases = (
				1EC7FE482BC552B7009ACFD8 /* Sources */,
				1EC7FE492BC552B7009ACFD8 /* Frameworks */,
				1EC7FE4A2BC552B7009ACFD8 /* Resources */,
			);
			buildRules = (
			);
			dependencies = (
				1EC7FE4E2BC552B7009ACFD8 /* PBXTargetDependency */,
			);
			name = myFirstProjectUITests;
			productName = myFirstProjectUITests;
			productReference = 1EC7FE4C2BC552B7009ACFD8 /* myFirstProjectUITests.xctest */;
			productType = "com.apple.product-type.bundle.ui-testing";
		};
/* End PBXNativeTarget section */

/* Begin PBXProject section */
		1EC7FE2A2BC552B6009ACFD8 /* Project object */ = {
			isa = PBXProject;
			attributes = {
				BuildIndependentTargetsInParallel = 1;
				LastSwiftUpdateCheck = 1420;
				LastUpgradeCheck = 1420;
				TargetAttributes = {
					1EC7FE312BC552B6009ACFD8 = {
						CreatedOnToolsVersion = 14.2;
					};
					1EC7FE412BC552B7009ACFD8 = {
						CreatedOnToolsVersion = 14.2;
						TestTargetID = 1EC7FE312BC552B6009ACFD8;
					};
					1EC7FE4B2BC552B7009ACFD8 = {
						CreatedOnToolsVersion = 14.2;
						TestTargetID = 1EC7FE312BC552B6009ACFD8;
					};
				};
			};
			buildConfigurationList = 1EC7FE2D2BC552B6009ACFD8 /* Build configuration list for PBXProject "myFirstProject" */;
			compatibilityVersion = "Xcode 14.0";
			developmentRegion = en;
			hasScannedForEncodings = 0;
			knownRegions = (
				en,
				Base,
			);
			mainGroup = 1EC7FE292BC552B6009ACFD8;
			productRefGroup = 1EC7FE332BC552B6009ACFD8 /* Products */;
			projectDirPath = "";
			projectRoot = "";
			targets = (
				1EC7FE312BC552B6009ACFD8 /* myFirstProject */,
				1EC7FE412BC552B7009ACFD8 /* myFirstProjectTests */,
				1EC7FE4B2BC552B7009ACFD8 /* myFirstProjectUITests */,
			);
		};
/* End PBXProject section */

/* Begin PBXResourcesBuildPhase section */
		1EC7FE302BC552B6009ACFD8 /* Resources */ = {
			isa = PBXResourcesBuildPhase;
			buildActionMask = 2147483647;
			files = (
				1EC7FE3D2BC552B7009ACFD8 /* Preview Assets.xcassets in Resources */,
				1EC7FE3A2BC552B7009ACFD8 /* Assets.xcassets in Resources */,
			);
			runOnlyForDeploymentPostprocessing = 0;
		};
		1EC7FE402BC552B7009ACFD8 /* Resources */ = {
			isa = PBXResourcesBuildPhase;
			buildActionMask = 2147483647;
			files = (
			);
			runOnlyForDeploymentPostprocessing = 0;
		};
		1EC7FE4A2BC552B7009ACFD8 /* Resources */ = {
			isa = PBXResourcesBuildPhase;
			buildActionMask = 2147483647;
			files = (
			);
			runOnlyForDeploymentPostprocessing = 0;
		};
/* End PBXResourcesBuildPhase section */

/* Begin PBXSourcesBuildPhase section */
		1EC7FE2E2BC552B6009ACFD8 /* Sources */ = {
			isa = PBXSourcesBuildPhase;
			buildActionMask = 2147483647;
			files = (
				1EC7FE602BC5535D009ACFD8 /* Pet.swift in Sources */,
				1EC7FE382BC552B6009ACFD8 /* ContentView.swift in Sources */,
				1E3145262BC5CE980043F7EC /* TaskListView.swift in Sources */,
				1E3145242BC5C51D0043F7EC /* NameDisplayView.swift in Sources */,
				1EC7FE362BC552B6009ACFD8 /* myFirstProjectApp.swift in Sources */,
			);
			runOnlyForDeploymentPostprocessing = 0;
		};
		1EC7FE3E2BC552B7009ACFD8 /* Sources */ = {
			isa = PBXSourcesBuildPhase;
			buildActionMask = 2147483647;
			files = (
				1EC7FE472BC552B7009ACFD8 /* myFirstProjectTests.swift in Sources */,
			);
			runOnlyForDeploymentPostprocessing = 0;
		};
		1EC7FE482BC552B7009ACFD8 /* Sources */ = {
			isa = PBXSourcesBuildPhase;
			buildActionMask = 2147483647;
			files = (
				1EC7FE512BC552B7009ACFD8 /* myFirstProjectUITests.swift in Sources */,
				1EC7FE532BC552B7009ACFD8 /* myFirstProjectUITestsLaunchTests.swift in Sources */,
			);
			runOnlyForDeploymentPostprocessing = 0;
		};
/* End PBXSourcesBuildPhase section */

/* Begin PBXTargetDependency section */
		1EC7FE442BC552B7009ACFD8 /* PBXTargetDependency */ = {
			isa = PBXTargetDependency;
			target = 1EC7FE312BC552B6009ACFD8 /* myFirstProject */;
			targetProxy = 1EC7FE432BC552B7009ACFD8 /* PBXContainerItemProxy */;
		};
		1EC7FE4E2BC552B7009ACFD8 /* PBXTargetDependency */ = {
			isa = PBXTargetDependency;
			target = 1EC7FE312BC552B6009ACFD8 /* myFirstProject */;
			targetProxy = 1EC7FE4D2BC552B7009ACFD8 /* PBXContainerItemProxy */;
		};
/* End PBXTargetDependency section */

/* Begin XCBuildConfiguration section */
		1EC7FE542BC552B7009ACFD8 /* Debug */ = {
			isa = XCBuildConfiguration;
			buildSettings = {
				ALWAYS_SEARCH_USER_PATHS = NO;
				CLANG_ANALYZER_NONNULL = YES;
				CLANG_ANALYZER_NUMBER_OBJECT_CONVERSION = YES_AGGRESSIVE;
				CLANG_CXX_LANGUAGE_STANDARD = "gnu++20";
				CLANG_ENABLE_MODULES = YES;
				CLANG_ENABLE_OBJC_ARC = YES;
				CLANG_ENABLE_OBJC_WEAK = YES;
				CLANG_WARN_BLOCK_CAPTURE_AUTORELEASING = YES;
				CLANG_WARN_BOOL_CONVERSION = YES;
				CLANG_WARN_COMMA = YES;
				CLANG_WARN_CONSTANT_CONVERSION = YES;
				CLANG_WARN_DEPRECATED_OBJC_IMPLEMENTATIONS = YES;
				CLANG_WARN_DIRECT_OBJC_ISA_USAGE = YES_ERROR;
				CLANG_WARN_DOCUMENTATION_COMMENTS = YES;
				CLANG_WARN_EMPTY_BODY = YES;
				CLANG_WARN_ENUM_CONVERSION = YES;
				CLANG_WARN_INFINITE_RECURSION = YES;
				CLANG_WARN_INT_CONVERSION = YES;
				CLANG_WARN_NON_LITERAL_NULL_CONVERSION = YES;
				CLANG_WARN_OBJC_IMPLICIT_RETAIN_SELF = YES;
				CLANG_WARN_OBJC_LITERAL_CONVERSION = YES;
				CLANG_WARN_OBJC_ROOT_CLASS = YES_ERROR;
				CLANG_WARN_QUOTED_INCLUDE_IN_FRAMEWORK_HEADER = YES;
				CLANG_WARN_RANGE_LOOP_ANALYSIS = YES;
				CLANG_WARN_STRICT_PROTOTYPES = YES;
				CLANG_WARN_SUSPICIOUS_MOVE = YES;
				CLANG_WARN_UNGUARDED_AVAILABILITY = YES_AGGRESSIVE;
				CLANG_WARN_UNREACHABLE_CODE = YES;
				CLANG_WARN__DUPLICATE_METHOD_MATCH = YES;
				COPY_PHASE_STRIP = NO;
				DEBUG_INFORMATION_FORMAT = dwarf;
				ENABLE_STRICT_OBJC_MSGSEND = YES;
				ENABLE_TESTABILITY = YES;
				GCC_C_LANGUAGE_STANDARD = gnu11;
				GCC_DYNAMIC_NO_PIC = NO;
				GCC_NO_COMMON_BLOCKS = YES;
				GCC_OPTIMIZATION_LEVEL = 0;
				GCC_PREPROCESSOR_DEFINITIONS = (
					"DEBUG=1",
					"$(inherited)",
				);
				GCC_WARN_64_TO_32_BIT_CONVERSION = YES;
				GCC_WARN_ABOUT_RETURN_TYPE = YES_ERROR;
				GCC_WARN_UNDECLARED_SELECTOR = YES;
				GCC_WARN_UNINITIALIZED_AUTOS = YES_AGGRESSIVE;
				GCC_WARN_UNUSED_FUNCTION = YES;
				GCC_WARN_UNUSED_VARIABLE = YES;
				IPHONEOS_DEPLOYMENT_TARGET = 16.2;
				MTL_ENABLE_DEBUG_INFO = INCLUDE_SOURCE;
				MTL_FAST_MATH = YES;
				ONLY_ACTIVE_ARCH = YES;
				SDKROOT = iphoneos;
				SWIFT_ACTIVE_COMPILATION_CONDITIONS = DEBUG;
				SWIFT_OPTIMIZATION_LEVEL = "-Onone";
			};
			name = Debug;
		};
		1EC7FE552BC552B7009ACFD8 /* Release */ = {
			isa = XCBuildConfiguration;
			buildSettings = {
				ALWAYS_SEARCH_USER_PATHS = NO;
				CLANG_ANALYZER_NONNULL = YES;
				CLANG_ANALYZER_NUMBER_OBJECT_CONVERSION = YES_AGGRESSIVE;
				CLANG_CXX_LANGUAGE_STANDARD = "gnu++20";
				CLANG_ENABLE_MODULES = YES;
				CLANG_ENABLE_OBJC_ARC = YES;
				CLANG_ENABLE_OBJC_WEAK = YES;
				CLANG_WARN_BLOCK_CAPTURE_AUTORELEASING = YES;
				CLANG_WARN_BOOL_CONVERSION = YES;
				CLANG_WARN_COMMA = YES;
				CLANG_WARN_CONSTANT_CONVERSION = YES;
				CLANG_WARN_DEPRECATED_OBJC_IMPLEMENTATIONS = YES;
				CLANG_WARN_DIRECT_OBJC_ISA_USAGE = YES_ERROR;
				CLANG_WARN_DOCUMENTATION_COMMENTS = YES;
				CLANG_WARN_EMPTY_BODY = YES;
				CLANG_WARN_ENUM_CONVERSION = YES;
				CLANG_WARN_INFINITE_RECURSION = YES;
				CLANG_WARN_INT_CONVERSION = YES;
				CLANG_WARN_NON_LITERAL_NULL_CONVERSION = YES;
				CLANG_WARN_OBJC_IMPLICIT_RETAIN_SELF = YES;
				CLANG_WARN_OBJC_LITERAL_CONVERSION = YES;
				CLANG_WARN_OBJC_ROOT_CLASS = YES_ERROR;
				CLANG_WARN_QUOTED_INCLUDE_IN_FRAMEWORK_HEADER = YES;
				CLANG_WARN_RANGE_LOOP_ANALYSIS = YES;
				CLANG_WARN_STRICT_PROTOTYPES = YES;
				CLANG_WARN_SUSPICIOUS_MOVE = YES;
				CLANG_WARN_UNGUARDED_AVAILABILITY = YES_AGGRESSIVE;
				CLANG_WARN_UNREACHABLE_CODE = YES;
				CLANG_WARN__DUPLICATE_METHOD_MATCH = YES;
				COPY_PHASE_STRIP = NO;
				DEBUG_INFORMATION_FORMAT = "dwarf-with-dsym";
				ENABLE_NS_ASSERTIONS = NO;
				ENABLE_STRICT_OBJC_MSGSEND = YES;
				GCC_C_LANGUAGE_STANDARD = gnu11;
				GCC_NO_COMMON_BLOCKS = YES;
				GCC_WARN_64_TO_32_BIT_CONVERSION = YES;
				GCC_WARN_ABOUT_RETURN_TYPE = YES_ERROR;
				GCC_WARN_UNDECLARED_SELECTOR = YES;
				GCC_WARN_UNINITIALIZED_AUTOS = YES_AGGRESSIVE;
				GCC_WARN_UNUSED_FUNCTION = YES;
				GCC_WARN_UNUSED_VARIABLE = YES;
				IPHONEOS_DEPLOYMENT_TARGET = 16.2;
				MTL_ENABLE_DEBUG_INFO = NO;
				MTL_FAST_MATH = YES;
				SDKROOT = iphoneos;
				SWIFT_COMPILATION_MODE = wholemodule;
				SWIFT_OPTIMIZATION_LEVEL = "-O";
				VALIDATE_PRODUCT = YES;
			};
			name = Release;
		};
		1EC7FE572BC552B7009ACFD8 /* Debug */ = {
			isa = XCBuildConfiguration;
			buildSettings = {
				ASSETCATALOG_COMPILER_APPICON_NAME = AppIcon;
				ASSETCATALOG_COMPILER_GLOBAL_ACCENT_COLOR_NAME = AccentColor;
				CODE_SIGN_STYLE = Automatic;
				CURRENT_PROJECT_VERSION = 1;
				DEVELOPMENT_ASSET_PATHS = "\"myFirstProject/Preview Content\"";
				DEVELOPMENT_TEAM = 95KNZVM44H;
				ENABLE_PREVIEWS = YES;
				GENERATE_INFOPLIST_FILE = YES;
				INFOPLIST_KEY_UIApplicationSceneManifest_Generation = YES;
				INFOPLIST_KEY_UIApplicationSupportsIndirectInputEvents = YES;
				INFOPLIST_KEY_UILaunchScreen_Generation = YES;
				INFOPLIST_KEY_UISupportedInterfaceOrientations_iPad = "UIInterfaceOrientationPortrait UIInterfaceOrientationPortraitUpsideDown UIInterfaceOrientationLandscapeLeft UIInterfaceOrientationLandscapeRight";
				INFOPLIST_KEY_UISupportedInterfaceOrientations_iPhone = "UIInterfaceOrientationPortrait UIInterfaceOrientationLandscapeLeft UIInterfaceOrientationLandscapeRight";
				LD_RUNPATH_SEARCH_PATHS = (
					"$(inherited)",
					"@executable_path/Frameworks",
				);
				MARKETING_VERSION = 1.0;
				PRODUCT_BUNDLE_IDENTIFIER = OliKelly.myFirstProject;
				PRODUCT_NAME = "$(TARGET_NAME)";
				SWIFT_EMIT_LOC_STRINGS = YES;
				SWIFT_VERSION = 5.0;
				TARGETED_DEVICE_FAMILY = "1,2";
			};
			name = Debug;
		};
		1EC7FE582BC552B7009ACFD8 /* Release */ = {
			isa = XCBuildConfiguration;
			buildSettings = {
				ASSETCATALOG_COMPILER_APPICON_NAME = AppIcon;
				ASSETCATALOG_COMPILER_GLOBAL_ACCENT_COLOR_NAME = AccentColor;
				CODE_SIGN_STYLE = Automatic;
				CURRENT_PROJECT_VERSION = 1;
				DEVELOPMENT_ASSET_PATHS = "\"myFirstProject/Preview Content\"";
				DEVELOPMENT_TEAM = 95KNZVM44H;
				ENABLE_PREVIEWS = YES;
				GENERATE_INFOPLIST_FILE = YES;
				INFOPLIST_KEY_UIApplicationSceneManifest_Generation = YES;
				INFOPLIST_KEY_UIApplicationSupportsIndirectInputEvents = YES;
				INFOPLIST_KEY_UILaunchScreen_Generation = YES;
				INFOPLIST_KEY_UISupportedInterfaceOrientations_iPad = "UIInterfaceOrientationPortrait UIInterfaceOrientationPortraitUpsideDown UIInterfaceOrientationLandscapeLeft UIInterfaceOrientationLandscapeRight";
				INFOPLIST_KEY_UISupportedInterfaceOrientations_iPhone = "UIInterfaceOrientationPortrait UIInterfaceOrientationLandscapeLeft UIInterfaceOrientationLandscapeRight";
				LD_RUNPATH_SEARCH_PATHS = (
					"$(inherited)",
					"@executable_path/Frameworks",
				);
				MARKETING_VERSION = 1.0;
				PRODUCT_BUNDLE_IDENTIFIER = OliKelly.myFirstProject;
				PRODUCT_NAME = "$(TARGET_NAME)";
				SWIFT_EMIT_LOC_STRINGS = YES;
				SWIFT_VERSION = 5.0;
				TARGETED_DEVICE_FAMILY = "1,2";
			};
			name = Release;
		};
		1EC7FE5A2BC552B7009ACFD8 /* Debug */ = {
			isa = XCBuildConfiguration;
			buildSettings = {
				ALWAYS_EMBED_SWIFT_STANDARD_LIBRARIES = YES;
				BUNDLE_LOADER = "$(TEST_HOST)";
				CODE_SIGN_STYLE = Automatic;
				CURRENT_PROJECT_VERSION = 1;
				DEVELOPMENT_TEAM = 95KNZVM44H;
				GENERATE_INFOPLIST_FILE = YES;
				IPHONEOS_DEPLOYMENT_TARGET = 16.2;
				MARKETING_VERSION = 1.0;
				PRODUCT_BUNDLE_IDENTIFIER = OliKelly.myFirstProjectTests;
				PRODUCT_NAME = "$(TARGET_NAME)";
				SWIFT_EMIT_LOC_STRINGS = NO;
				SWIFT_VERSION = 5.0;
				TARGETED_DEVICE_FAMILY = "1,2";
				TEST_HOST = "$(BUILT_PRODUCTS_DIR)/myFirstProject.app/$(BUNDLE_EXECUTABLE_FOLDER_PATH)/myFirstProject";
			};
			name = Debug;
		};
		1EC7FE5B2BC552B7009ACFD8 /* Release */ = {
			isa = XCBuildConfiguration;
			buildSettings = {
				ALWAYS_EMBED_SWIFT_STANDARD_LIBRARIES = YES;
				BUNDLE_LOADER = "$(TEST_HOST)";
				CODE_SIGN_STYLE = Automatic;
				CURRENT_PROJECT_VERSION = 1;
				DEVELOPMENT_TEAM = 95KNZVM44H;
				GENERATE_INFOPLIST_FILE = YES;
				IPHONEOS_DEPLOYMENT_TARGET = 16.2;
				MARKETING_VERSION = 1.0;
				PRODUCT_BUNDLE_IDENTIFIER = OliKelly.myFirstProjectTests;
				PRODUCT_NAME = "$(TARGET_NAME)";
				SWIFT_EMIT_LOC_STRINGS = NO;
				SWIFT_VERSION = 5.0;
				TARGETED_DEVICE_FAMILY = "1,2";
				TEST_HOST = "$(BUILT_PRODUCTS_DIR)/myFirstProject.app/$(BUNDLE_EXECUTABLE_FOLDER_PATH)/myFirstProject";
			};
			name = Release;
		};
		1EC7FE5D2BC552B7009ACFD8 /* Debug */ = {
			isa = XCBuildConfiguration;
			buildSettings = {
				ALWAYS_EMBED_SWIFT_STANDARD_LIBRARIES = YES;
				CODE_SIGN_STYLE = Automatic;
				CURRENT_PROJECT_VERSION = 1;
				DEVELOPMENT_TEAM = 95KNZVM44H;
				GENERATE_INFOPLIST_FILE = YES;
				MARKETING_VERSION = 1.0;
				PRODUCT_BUNDLE_IDENTIFIER = OliKelly.myFirstProjectUITests;
				PRODUCT_NAME = "$(TARGET_NAME)";
				SWIFT_EMIT_LOC_STRINGS = NO;
				SWIFT_VERSION = 5.0;
				TARGETED_DEVICE_FAMILY = "1,2";
				TEST_TARGET_NAME = myFirstProject;
			};
			name = Debug;
		};
		1EC7FE5E2BC552B7009ACFD8 /* Release */ = {
			isa = XCBuildConfiguration;
			buildSettings = {
				ALWAYS_EMBED_SWIFT_STANDARD_LIBRARIES = YES;
				CODE_SIGN_STYLE = Automatic;
				CURRENT_PROJECT_VERSION = 1;
				DEVELOPMENT_TEAM = 95KNZVM44H;
				GENERATE_INFOPLIST_FILE = YES;
				MARKETING_VERSION = 1.0;
				PRODUCT_BUNDLE_IDENTIFIER = OliKelly.myFirstProjectUITests;
				PRODUCT_NAME = "$(TARGET_NAME)";
				SWIFT_EMIT_LOC_STRINGS = NO;
				SWIFT_VERSION = 5.0;
				TARGETED_DEVICE_FAMILY = "1,2";
				TEST_TARGET_NAME = myFirstProject;
			};
			name = Release;
		};
/* End XCBuildConfiguration section */

/* Begin XCConfigurationList section */
		1EC7FE2D2BC552B6009ACFD8 /* Build configuration list for PBXProject "myFirstProject" */ = {
			isa = XCConfigurationList;
			buildConfigurations = (
				1EC7FE542BC552B7009ACFD8 /* Debug */,
				1EC7FE552BC552B7009ACFD8 /* Release */,
			);
			defaultConfigurationIsVisible = 0;
			defaultConfigurationName = Release;
		};
		1EC7FE562BC552B7009ACFD8 /* Build configuration list for PBXNativeTarget "myFirstProject" */ = {
			isa = XCConfigurationList;
			buildConfigurations = (
				1EC7FE572BC552B7009ACFD8 /* Debug */,
				1EC7FE582BC552B7009ACFD8 /* Release */,
			);
			defaultConfigurationIsVisible = 0;
			defaultConfigurationName = Release;
		};
		1EC7FE592BC552B7009ACFD8 /* Build configuration list for PBXNativeTarget "myFirstProjectTests" */ = {
			isa = XCConfigurationList;
			buildConfigurations = (
				1EC7FE5A2BC552B7009ACFD8 /* Debug */,
				1EC7FE5B2BC552B7009ACFD8 /* Release */,
			);
			defaultConfigurationIsVisible = 0;
			defaultConfigurationName = Release;
		};
		1EC7FE5C2BC552B7009ACFD8 /* Build configuration list for PBXNativeTarget "myFirstProjectUITests" */ = {
			isa = XCConfigurationList;
			buildConfigurations = (
				1EC7FE5D2BC552B7009ACFD8 /* Debug */,
				1EC7FE5E2BC552B7009ACFD8 /* Release */,
			);
			defaultConfigurationIsVisible = 0;
			defaultConfigurationName = Release;
		};
/* End XCConfigurationList section */
	};
	rootObject = 1EC7FE2A2BC552B6009ACFD8 /* Project object */;
}
